
Microsoft Visual Studio Solution File, Format Version 12.00
# Visual Studio Version 17
VisualStudioVersion = 17.10.34916.146
MinimumVisualStudioVersion = 10.0.40219.1
Project("{FAE04EC0-301F-11D3-BF4B-00C04F79EFBC}") = "Online_Auction.Server", "Online_Auction.Server\Online_Auction.Server.csproj", "{B29A45E8-2DAA-4571-A3E0-A27025412723}"
EndProject
Project("{54A90642-561A-4BB1-A94E-469ADEE60C69}") = "online_auction.client", "online_auction.client\online_auction.client.esproj", "{79844005-C808-4E74-A5B2-1B4C8D8B7815}"
EndProject
Project("{FAE04EC0-301F-11D3-BF4B-00C04F79EFBC}") = "Online_Auction.Service", "Online_Auction.Service\Online_Auction.Service.csproj", "{70C28D93-9728-4FA4-9E2F-C2BA007B4742}"
EndProject
Project("{FAE04EC0-301F-11D3-BF4B-00C04F79EFBC}") = "Online_Auction.Models", "Online_Auction.Models\Online_Auction.Models.csproj", "{4B6EDB19-26F5-4D2B-B6C0-972973C6A264}"
EndProject
Global
	GlobalSection(SolutionConfigurationPlatforms) = preSolution
		Debug|Any CPU = Debug|Any CPU
		Release|Any CPU = Release|Any CPU
	EndGlobalSection
	GlobalSection(ProjectConfigurationPlatforms) = postSolution
		{B29A45E8-2DAA-4571-A3E0-A27025412723}.Debug|Any CPU.ActiveCfg = Debug|Any CPU
		{B29A45E8-2DAA-4571-A3E0-A27025412723}.Debug|Any CPU.Build.0 = Debug|Any CPU
		{B29A45E8-2DAA-4571-A3E0-A27025412723}.Release|Any CPU.ActiveCfg = Release|Any CPU
		{B29A45E8-2DAA-4571-A3E0-A27025412723}.Release|Any CPU.Build.0 = Release|Any CPU
		{79844005-C808-4E74-A5B2-1B4C8D8B7815}.Debug|Any CPU.ActiveCfg = Debug|Any CPU
		{79844005-C808-4E74-A5B2-1B4C8D8B7815}.Debug|Any CPU.Build.0 = Debug|Any CPU
		{79844005-C808-4E74-A5B2-1B4C8D8B7815}.Debug|Any CPU.Deploy.0 = Debug|Any CPU
		{79844005-C808-4E74-A5B2-1B4C8D8B7815}.Release|Any CPU.ActiveCfg = Release|Any CPU
		{79844005-C808-4E74-A5B2-1B4C8D8B7815}.Release|Any CPU.Build.0 = Release|Any CPU
		{79844005-C808-4E74-A5B2-1B4C8D8B7815}.Release|Any CPU.Deploy.0 = Release|Any CPU
		{70C28D93-9728-4FA4-9E2F-C2BA007B4742}.Debug|Any CPU.ActiveCfg = Debug|Any CPU
		{70C28D93-9728-4FA4-9E2F-C2BA007B4742}.Debug|Any CPU.Build.0 = Debug|Any CPU
		{70C28D93-9728-4FA4-9E2F-C2BA007B4742}.Release|Any CPU.ActiveCfg = Release|Any CPU
		{70C28D93-9728-4FA4-9E2F-C2BA007B4742}.Release|Any CPU.Build.0 = Release|Any CPU
		{4B6EDB19-26F5-4D2B-B6C0-972973C6A264}.Debug|Any CPU.ActiveCfg = Debug|Any CPU
		{4B6EDB19-26F5-4D2B-B6C0-972973C6A264}.Debug|Any CPU.Build.0 = Debug|Any CPU
		{4B6EDB19-26F5-4D2B-B6C0-972973C6A264}.Release|Any CPU.ActiveCfg = Release|Any CPU
		{4B6EDB19-26F5-4D2B-B6C0-972973C6A264}.Release|Any CPU.Build.0 = Release|Any CPU
	EndGlobalSection
	GlobalSection(SolutionProperties) = preSolution
		HideSolutionNode = FALSE
	EndGlobalSection
	GlobalSection(ExtensibilityGlobals) = postSolution
		SolutionGuid = {0E90AE4D-B756-4DFE-A8FC-BD19F1D33DD5}
	EndGlobalSection
EndGlobal
